
Microsoft Visual Studio Solution File, Format Version 12.00
# Visual Studio Version 16
VisualStudioVersion = 16.0.31005.135
MinimumVisualStudioVersion = 10.0.40219.1
Project("{FAE04EC0-301F-11D3-BF4B-00C04F79EFBC}") = "Varro_Szilard_Arnold_Lab5", "Varro_Szilard_Arnold_Lab5.csproj", "{84AD7302-FA2F-42F6-9B53-81819C107C8B}"
EndProject
Project("{FAE04EC0-301F-11D3-BF4B-00C04F79EFBC}") = "AutoLotModel", "AutoLotModel\AutoLotModel.csproj", "{53D383B9-CDAB-4D02-A5F7-28C03B5AE029}"
EndProject
Global
	GlobalSection(SolutionConfigurationPlatforms) = preSolution
		Debug|Any CPU = Debug|Any CPU
		Release|Any CPU = Release|Any CPU
	EndGlobalSection
	GlobalSection(ProjectConfigurationPlatforms) = postSolution
		{84AD7302-FA2F-42F6-9B53-81819C107C8B}.Debug|Any CPU.ActiveCfg = Debug|Any CPU
		{84AD7302-FA2F-42F6-9B53-81819C107C8B}.Debug|Any CPU.Build.0 = Debug|Any CPU
		{84AD7302-FA2F-42F6-9B53-81819C107C8B}.Release|Any CPU.ActiveCfg = Release|Any CPU
		{84AD7302-FA2F-42F6-9B53-81819C107C8B}.Release|Any CPU.Build.0 = Release|Any CPU
		{53D383B9-CDAB-4D02-A5F7-28C03B5AE029}.Debug|Any CPU.ActiveCfg = Debug|Any CPU
		{53D383B9-CDAB-4D02-A5F7-28C03B5AE029}.Debug|Any CPU.Build.0 = Debug|Any CPU
		{53D383B9-CDAB-4D02-A5F7-28C03B5AE029}.Release|Any CPU.ActiveCfg = Release|Any CPU
		{53D383B9-CDAB-4D02-A5F7-28C03B5AE029}.Release|Any CPU.Build.0 = Release|Any CPU
	EndGlobalSection
	GlobalSection(SolutionProperties) = preSolution
		HideSolutionNode = FALSE
	EndGlobalSection
	GlobalSection(ExtensibilityGlobals) = postSolution
		SolutionGuid = {F9CA36A1-EF67-42F0-9C0C-FF8A653A8C06}
	EndGlobalSection
EndGlobal
